
Microsoft Visual Studio Solution File, Format Version 12.00
# Visual Studio 15
VisualStudioVersion = 15.0.35213.121
MinimumVisualStudioVersion = 10.0.40219.1
Project("{FAE04EC0-301F-11D3-BF4B-00C04F79EFBC}") = "3.hafta-4s", "3.hafta-4s\3.hafta-4s.csproj", "{C280CF8F-6D06-4645-AC0D-290E5675FD14}"
EndProject
Global
	GlobalSection(SolutionConfigurationPlatforms) = preSolution
		Debug|Any CPU = Debug|Any CPU
		Release|Any CPU = Release|Any CPU
	EndGlobalSection
	GlobalSection(ProjectConfigurationPlatforms) = postSolution
		{C280CF8F-6D06-4645-AC0D-290E5675FD14}.Debug|Any CPU.ActiveCfg = Debug|Any CPU
		{C280CF8F-6D06-4645-AC0D-290E5675FD14}.Debug|Any CPU.Build.0 = Debug|Any CPU
		{C280CF8F-6D06-4645-AC0D-290E5675FD14}.Release|Any CPU.ActiveCfg = Release|Any CPU
		{C280CF8F-6D06-4645-AC0D-290E5675FD14}.Release|Any CPU.Build.0 = Release|Any CPU
	EndGlobalSection
	GlobalSection(SolutionProperties) = preSolution
		HideSolutionNode = FALSE
	EndGlobalSection
	GlobalSection(ExtensibilityGlobals) = postSolution
		SolutionGuid = {C2A60295-721C-4EF2-A849-A3006378BE68}
	EndGlobalSection
EndGlobal
