
Microsoft Visual Studio Solution File, Format Version 12.00
# Visual Studio 15
VisualStudioVersion = 15.0.35213.121
MinimumVisualStudioVersion = 10.0.40219.1
Project("{FAE04EC0-301F-11D3-BF4B-00C04F79EFBC}") = "3.hafta-7s", "3.hafta-7s\3.hafta-7s.csproj", "{0CC61F41-8872-402F-80DE-6339BFA0C523}"
EndProject
Global
	GlobalSection(SolutionConfigurationPlatforms) = preSolution
		Debug|Any CPU = Debug|Any CPU
		Release|Any CPU = Release|Any CPU
	EndGlobalSection
	GlobalSection(ProjectConfigurationPlatforms) = postSolution
		{0CC61F41-8872-402F-80DE-6339BFA0C523}.Debug|Any CPU.ActiveCfg = Debug|Any CPU
		{0CC61F41-8872-402F-80DE-6339BFA0C523}.Debug|Any CPU.Build.0 = Debug|Any CPU
		{0CC61F41-8872-402F-80DE-6339BFA0C523}.Release|Any CPU.ActiveCfg = Release|Any CPU
		{0CC61F41-8872-402F-80DE-6339BFA0C523}.Release|Any CPU.Build.0 = Release|Any CPU
	EndGlobalSection
	GlobalSection(SolutionProperties) = preSolution
		HideSolutionNode = FALSE
	EndGlobalSection
	GlobalSection(ExtensibilityGlobals) = postSolution
		SolutionGuid = {15138E6D-9991-450E-B42C-7A560B756377}
	EndGlobalSection
EndGlobal
