
Microsoft Visual Studio Solution File, Format Version 12.00
# Visual Studio 15
VisualStudioVersion = 15.0.35213.121
MinimumVisualStudioVersion = 10.0.40219.1
Project("{FAE04EC0-301F-11D3-BF4B-00C04F79EFBC}") = "3.hafta-8s", "3.hafta-8s\3.hafta-8s.csproj", "{BC456077-9158-4FEA-BDB1-3EE10BCB7C0B}"
EndProject
Global
	GlobalSection(SolutionConfigurationPlatforms) = preSolution
		Debug|Any CPU = Debug|Any CPU
		Release|Any CPU = Release|Any CPU
	EndGlobalSection
	GlobalSection(ProjectConfigurationPlatforms) = postSolution
		{BC456077-9158-4FEA-BDB1-3EE10BCB7C0B}.Debug|Any CPU.ActiveCfg = Debug|Any CPU
		{BC456077-9158-4FEA-BDB1-3EE10BCB7C0B}.Debug|Any CPU.Build.0 = Debug|Any CPU
		{BC456077-9158-4FEA-BDB1-3EE10BCB7C0B}.Release|Any CPU.ActiveCfg = Release|Any CPU
		{BC456077-9158-4FEA-BDB1-3EE10BCB7C0B}.Release|Any CPU.Build.0 = Release|Any CPU
	EndGlobalSection
	GlobalSection(SolutionProperties) = preSolution
		HideSolutionNode = FALSE
	EndGlobalSection
	GlobalSection(ExtensibilityGlobals) = postSolution
		SolutionGuid = {7858C954-AA54-4B18-9612-AB1C3D1CC3D4}
	EndGlobalSection
EndGlobal
